
Microsoft Visual Studio Solution File, Format Version 12.00
# Visual Studio Version 17
VisualStudioVersion = 17.0.31912.275
MinimumVisualStudioVersion = 10.0.40219.1
Project("{9A19103F-16F7-4668-BE54-9A1E7A4F7556}") = "OpenApiVersionDemo.WebApi", "OpenApiVersionDemo.WebApi\OpenApiVersionDemo.WebApi.csproj", "{13E35A7C-AA0E-4EA9-B772-FAB59F60F28D}"
EndProject
Project("{FAE04EC0-301F-11D3-BF4B-00C04F79EFBC}") = "OpenApiVersionDemo.Common", "OpenApiVersionDemo.Common\OpenApiVersionDemo.Common.csproj", "{FBE6B551-EA53-46D6-8D8A-190090935BD3}"
EndProject
Project("{FAE04EC0-301F-11D3-BF4B-00C04F79EFBC}") = "OpenApiVersionDemo.Services", "OpenApiVersionDemo.Services\OpenApiVersionDemo.Services.csproj", "{79789E0B-5176-49DB-98E3-51B726D32EF2}"
EndProject
Global
	GlobalSection(SolutionConfigurationPlatforms) = preSolution
		Debug|Any CPU = Debug|Any CPU
		Release|Any CPU = Release|Any CPU
	EndGlobalSection
	GlobalSection(ProjectConfigurationPlatforms) = postSolution
		{13E35A7C-AA0E-4EA9-B772-FAB59F60F28D}.Debug|Any CPU.ActiveCfg = Debug|Any CPU
		{13E35A7C-AA0E-4EA9-B772-FAB59F60F28D}.Debug|Any CPU.Build.0 = Debug|Any CPU
		{13E35A7C-AA0E-4EA9-B772-FAB59F60F28D}.Release|Any CPU.ActiveCfg = Release|Any CPU
		{13E35A7C-AA0E-4EA9-B772-FAB59F60F28D}.Release|Any CPU.Build.0 = Release|Any CPU
		{FBE6B551-EA53-46D6-8D8A-190090935BD3}.Debug|Any CPU.ActiveCfg = Debug|Any CPU
		{FBE6B551-EA53-46D6-8D8A-190090935BD3}.Debug|Any CPU.Build.0 = Debug|Any CPU
		{FBE6B551-EA53-46D6-8D8A-190090935BD3}.Release|Any CPU.ActiveCfg = Release|Any CPU
		{FBE6B551-EA53-46D6-8D8A-190090935BD3}.Release|Any CPU.Build.0 = Release|Any CPU
		{79789E0B-5176-49DB-98E3-51B726D32EF2}.Debug|Any CPU.ActiveCfg = Debug|Any CPU
		{79789E0B-5176-49DB-98E3-51B726D32EF2}.Debug|Any CPU.Build.0 = Debug|Any CPU
		{79789E0B-5176-49DB-98E3-51B726D32EF2}.Release|Any CPU.ActiveCfg = Release|Any CPU
		{79789E0B-5176-49DB-98E3-51B726D32EF2}.Release|Any CPU.Build.0 = Release|Any CPU
	EndGlobalSection
	GlobalSection(SolutionProperties) = preSolution
		HideSolutionNode = FALSE
	EndGlobalSection
	GlobalSection(ExtensibilityGlobals) = postSolution
		SolutionGuid = {4AF5B42D-F185-4526-815C-AB20D41F7DBC}
	EndGlobalSection
EndGlobal
